// !$*UTF8*$!
{
	archiveVersion = 1;
	classes = {
	};
	objectVersion = 50;
	objects = {

/* Begin PBXBuildFile section */
		792CE9BD2083338700F5BAA3 /* AppDelegate.swift in Sources */ = {isa = PBXBuildFile; fileRef = 792CE9BC2083338700F5BAA3 /* AppDelegate.swift */; };
		792CE9C22083338700F5BAA3 /* Main.storyboard in Resources */ = {isa = PBXBuildFile; fileRef = 792CE9C02083338700F5BAA3 /* Main.storyboard */; };
		792CE9C72083338A00F5BAA3 /* Assets.xcassets in Resources */ = {isa = PBXBuildFile; fileRef = 792CE9C62083338A00F5BAA3 /* Assets.xcassets */; };
		792CE9CA2083338A00F5BAA3 /* LaunchScreen.storyboard in Resources */ = {isa = PBXBuildFile; fileRef = 792CE9C82083338A00F5BAA3 /* LaunchScreen.storyboard */; };
		792CE9D2208338BC00F5BAA3 /* Theme.xcassets in Resources */ = {isa = PBXBuildFile; fileRef = 792CE9D1208338BC00F5BAA3 /* Theme.xcassets */; };
		792CE9DC2083483800F5BAA3 /* CoreDataStore.swift in Sources */ = {isa = PBXBuildFile; fileRef = 792CE9DB2083483800F5BAA3 /* CoreDataStore.swift */; };
		79BDFFED20839DA70002B212 /* TaskListViewController.swift in Sources */ = {isa = PBXBuildFile; fileRef = 79BDFFEC20839DA70002B212 /* TaskListViewController.swift */; };
		79BDFFF02083A2B80002B212 /* TaskListCell.swift in Sources */ = {isa = PBXBuildFile; fileRef = 79BDFFEF2083A2B80002B212 /* TaskListCell.swift */; };
		79BDFFF42083A3500002B212 /* CategoryCell.swift in Sources */ = {isa = PBXBuildFile; fileRef = 79BDFFF32083A3500002B212 /* CategoryCell.swift */; };
		79BDFFFB2083A7C80002B212 /* SimpleTaskManager.xcdatamodeld in Sources */ = {isa = PBXBuildFile; fileRef = 79BDFFF92083A7C80002B212 /* SimpleTaskManager.xcdatamodeld */; };
		79BDFFFD2084D7FC0002B212 /* Styles.swift in Sources */ = {isa = PBXBuildFile; fileRef = 79BDFFFC2084D7FC0002B212 /* Styles.swift */; };
		79BDFFFF2084ECDE0002B212 /* CategoryViewDelegate.swift in Sources */ = {isa = PBXBuildFile; fileRef = 79BDFFFE2084ECDE0002B212 /* CategoryViewDelegate.swift */; };
/* End PBXBuildFile section */

/* Begin PBXFileReference section */
		792CE9B92083338700F5BAA3 /* SimpleTaskManager.app */ = {isa = PBXFileReference; explicitFileType = wrapper.application; includeInIndex = 0; path = SimpleTaskManager.app; sourceTree = BUILT_PRODUCTS_DIR; };
		792CE9BC2083338700F5BAA3 /* AppDelegate.swift */ = {isa = PBXFileReference; lastKnownFileType = sourcecode.swift; path = AppDelegate.swift; sourceTree = "<group>"; };
		792CE9C12083338700F5BAA3 /* Base */ = {isa = PBXFileReference; lastKnownFileType = file.storyboard; name = Base; path = Base.lproj/Main.storyboard; sourceTree = "<group>"; };
		792CE9C62083338A00F5BAA3 /* Assets.xcassets */ = {isa = PBXFileReference; lastKnownFileType = folder.assetcatalog; path = Assets.xcassets; sourceTree = "<group>"; };
		792CE9C92083338A00F5BAA3 /* Base */ = {isa = PBXFileReference; lastKnownFileType = file.storyboard; name = Base; path = Base.lproj/LaunchScreen.storyboard; sourceTree = "<group>"; };
		792CE9CB2083338A00F5BAA3 /* Info.plist */ = {isa = PBXFileReference; lastKnownFileType = text.plist.xml; path = Info.plist; sourceTree = "<group>"; };
		792CE9D1208338BC00F5BAA3 /* Theme.xcassets */ = {isa = PBXFileReference; lastKnownFileType = folder.assetcatalog; path = Theme.xcassets; sourceTree = "<group>"; };
		792CE9DB2083483800F5BAA3 /* CoreDataStore.swift */ = {isa = PBXFileReference; lastKnownFileType = sourcecode.swift; path = CoreDataStore.swift; sourceTree = "<group>"; };
		79BDFFEC20839DA70002B212 /* TaskListViewController.swift */ = {isa = PBXFileReference; lastKnownFileType = sourcecode.swift; path = TaskListViewController.swift; sourceTree = "<group>"; };
		79BDFFEF2083A2B80002B212 /* TaskListCell.swift */ = {isa = PBXFileReference; lastKnownFileType = sourcecode.swift; path = TaskListCell.swift; sourceTree = "<group>"; };
		79BDFFF32083A3500002B212 /* CategoryCell.swift */ = {isa = PBXFileReference; lastKnownFileType = sourcecode.swift; path = CategoryCell.swift; sourceTree = "<group>"; };
		79BDFFFA2083A7C80002B212 /* SimpleTaskManager.xcdatamodel */ = {isa = PBXFileReference; lastKnownFileType = wrapper.xcdatamodel; path = SimpleTaskManager.xcdatamodel; sourceTree = "<group>"; };
		79BDFFFC2084D7FC0002B212 /* Styles.swift */ = {isa = PBXFileReference; lastKnownFileType = sourcecode.swift; path = Styles.swift; sourceTree = "<group>"; };
		79BDFFFE2084ECDE0002B212 /* CategoryViewDelegate.swift */ = {isa = PBXFileReference; lastKnownFileType = sourcecode.swift; path = CategoryViewDelegate.swift; sourceTree = "<group>"; };
/* End PBXFileReference section */

/* Begin PBXFrameworksBuildPhase section */
		792CE9B62083338700F5BAA3 /* Frameworks */ = {
			isa = PBXFrameworksBuildPhase;
			buildActionMask = 2147483647;
			files = (
			);
			runOnlyForDeploymentPostprocessing = 0;
		};
/* End PBXFrameworksBuildPhase section */

/* Begin PBXGroup section */
		792CE9B02083338700F5BAA3 = {
			isa = PBXGroup;
			children = (
				792CE9BB2083338700F5BAA3 /* SimpleTaskManager */,
				792CE9BA2083338700F5BAA3 /* Products */,
			);
			sourceTree = "<group>";
		};
		792CE9BA2083338700F5BAA3 /* Products */ = {
			isa = PBXGroup;
			children = (
				792CE9B92083338700F5BAA3 /* SimpleTaskManager.app */,
			);
			name = Products;
			sourceTree = "<group>";
		};
		792CE9BB2083338700F5BAA3 /* SimpleTaskManager */ = {
			isa = PBXGroup;
			children = (
				79BDFFEA20839C550002B212 /* Resources */,
				79BDFFE920839C3E0002B212 /* Scenes */,
				792CE9D320833EB200F5BAA3 /* Store */,
				792CE9BC2083338700F5BAA3 /* AppDelegate.swift */,
				792CE9CB2083338A00F5BAA3 /* Info.plist */,
				79BDFFFC2084D7FC0002B212 /* Styles.swift */,
			);
			path = SimpleTaskManager;
			sourceTree = "<group>";
		};
		792CE9D320833EB200F5BAA3 /* Store */ = {
			isa = PBXGroup;
			children = (
				792CE9DB2083483800F5BAA3 /* CoreDataStore.swift */,
			);
			path = Store;
			sourceTree = "<group>";
		};
		79BDFFE920839C3E0002B212 /* Scenes */ = {
			isa = PBXGroup;
			children = (
				79BDFFEB20839C9E0002B212 /* TaskListScene */,
			);
			path = Scenes;
			sourceTree = "<group>";
		};
		79BDFFEA20839C550002B212 /* Resources */ = {
			isa = PBXGroup;
			children = (
				792CE9C02083338700F5BAA3 /* Main.storyboard */,
				792CE9D1208338BC00F5BAA3 /* Theme.xcassets */,
				792CE9C62083338A00F5BAA3 /* Assets.xcassets */,
				792CE9C82083338A00F5BAA3 /* LaunchScreen.storyboard */,
				79BDFFF92083A7C80002B212 /* SimpleTaskManager.xcdatamodeld */,
			);
			path = Resources;
			sourceTree = "<group>";
		};
		79BDFFEB20839C9E0002B212 /* TaskListScene */ = {
			isa = PBXGroup;
			children = (
				79BDFFF22083A3200002B212 /* CategoriesView */,
				79BDFFEE2083A28D0002B212 /* TaskListView */,
			);
			path = TaskListScene;
			sourceTree = "<group>";
		};
		79BDFFEE2083A28D0002B212 /* TaskListView */ = {
			isa = PBXGroup;
			children = (
				79BDFFEC20839DA70002B212 /* TaskListViewController.swift */,
				79BDFFEF2083A2B80002B212 /* TaskListCell.swift */,
			);
			path = TaskListView;
			sourceTree = "<group>";
		};
		79BDFFF22083A3200002B212 /* CategoriesView */ = {
			isa = PBXGroup;
			children = (
				79BDFFF32083A3500002B212 /* CategoryCell.swift */,
				79BDFFFE2084ECDE0002B212 /* CategoryViewDelegate.swift */,
			);
			path = CategoriesView;
			sourceTree = "<group>";
		};
/* End PBXGroup section */

/* Begin PBXNativeTarget section */
		792CE9B82083338700F5BAA3 /* SimpleTaskManager */ = {
			isa = PBXNativeTarget;
			buildConfigurationList = 792CE9CE2083338A00F5BAA3 /* Build configuration list for PBXNativeTarget "SimpleTaskManager" */;
			buildPhases = (
				792CE9B52083338700F5BAA3 /* Sources */,
				792CE9B62083338700F5BAA3 /* Frameworks */,
				792CE9B72083338700F5BAA3 /* Resources */,
			);
			buildRules = (
			);
			dependencies = (
			);
			name = SimpleTaskManager;
			productName = SimpleTaskManager;
			productReference = 792CE9B92083338700F5BAA3 /* SimpleTaskManager.app */;
			productType = "com.apple.product-type.application";
		};
/* End PBXNativeTarget section */

/* Begin PBXProject section */
		792CE9B12083338700F5BAA3 /* Project object */ = {
			isa = PBXProject;
			attributes = {
				LastSwiftUpdateCheck = 0930;
				LastUpgradeCheck = 0930;
				ORGANIZATIONNAME = "Yevhen Velizhenkov";
				TargetAttributes = {
					792CE9B82083338700F5BAA3 = {
						CreatedOnToolsVersion = 9.3;
					};
				};
			};
			buildConfigurationList = 792CE9B42083338700F5BAA3 /* Build configuration list for PBXProject "SimpleTaskManager" */;
			compatibilityVersion = "Xcode 9.3";
			developmentRegion = en;
			hasScannedForEncodings = 0;
			knownRegions = (
				en,
				Base,
			);
			mainGroup = 792CE9B02083338700F5BAA3;
			productRefGroup = 792CE9BA2083338700F5BAA3 /* Products */;
			projectDirPath = "";
			projectRoot = "";
			targets = (
				792CE9B82083338700F5BAA3 /* SimpleTaskManager */,
			);
		};
/* End PBXProject section */

/* Begin PBXResourcesBuildPhase section */
		792CE9B72083338700F5BAA3 /* Resources */ = {
			isa = PBXResourcesBuildPhase;
			buildActionMask = 2147483647;
			files = (
				792CE9CA2083338A00F5BAA3 /* LaunchScreen.storyboard in Resources */,
				792CE9D2208338BC00F5BAA3 /* Theme.xcassets in Resources */,
				792CE9C72083338A00F5BAA3 /* Assets.xcassets in Resources */,
				792CE9C22083338700F5BAA3 /* Main.storyboard in Resources */,
			);
			runOnlyForDeploymentPostprocessing = 0;
		};
/* End PBXResourcesBuildPhase section */

/* Begin PBXSourcesBuildPhase section */
		792CE9B52083338700F5BAA3 /* Sources */ = {
			isa = PBXSourcesBuildPhase;
			buildActionMask = 2147483647;
			files = (
				792CE9DC2083483800F5BAA3 /* CoreDataStore.swift in Sources */,
				79BDFFFD2084D7FC0002B212 /* Styles.swift in Sources */,
				79BDFFF02083A2B80002B212 /* TaskListCell.swift in Sources */,
				79BDFFFB2083A7C80002B212 /* SimpleTaskManager.xcdatamodeld in Sources */,
				79BDFFED20839DA70002B212 /* TaskListViewController.swift in Sources */,
				792CE9BD2083338700F5BAA3 /* AppDelegate.swift in Sources */,
				79BDFFFF2084ECDE0002B212 /* CategoryViewDelegate.swift in Sources */,
				79BDFFF42083A3500002B212 /* CategoryCell.swift in Sources */,
			);
			runOnlyForDeploymentPostprocessing = 0;
		};
/* End PBXSourcesBuildPhase section */

/* Begin PBXVariantGroup section */
		792CE9C02083338700F5BAA3 /* Main.storyboard */ = {
			isa = PBXVariantGroup;
			children = (
				792CE9C12083338700F5BAA3 /* Base */,
			);
			name = Main.storyboard;
			sourceTree = "<group>";
		};
		792CE9C82083338A00F5BAA3 /* LaunchScreen.storyboard */ = {
			isa = PBXVariantGroup;
			children = (
				792CE9C92083338A00F5BAA3 /* Base */,
			);
			name = LaunchScreen.storyboard;
			sourceTree = "<group>";
		};
/* End PBXVariantGroup section */

/* Begin XCBuildConfiguration section */
		792CE9CC2083338A00F5BAA3 /* Debug */ = {
			isa = XCBuildConfiguration;
			buildSettings = {
				ALWAYS_SEARCH_USER_PATHS = NO;
				CLANG_ANALYZER_NONNULL = YES;
				CLANG_ANALYZER_NUMBER_OBJECT_CONVERSION = YES_AGGRESSIVE;
				CLANG_CXX_LANGUAGE_STANDARD = "gnu++14";
				CLANG_CXX_LIBRARY = "libc++";
				CLANG_ENABLE_MODULES = YES;
				CLANG_ENABLE_OBJC_ARC = YES;
				CLANG_ENABLE_OBJC_WEAK = YES;
				CLANG_WARN_BLOCK_CAPTURE_AUTORELEASING = YES;
				CLANG_WARN_BOOL_CONVERSION = YES;
				CLANG_WARN_COMMA = YES;
				CLANG_WARN_CONSTANT_CONVERSION = YES;
				CLANG_WARN_DEPRECATED_OBJC_IMPLEMENTATIONS = YES;
				CLANG_WARN_DIRECT_OBJC_ISA_USAGE = YES_ERROR;
				CLANG_WARN_DOCUMENTATION_COMMENTS = YES;
				CLANG_WARN_EMPTY_BODY = YES;
				CLANG_WARN_ENUM_CONVERSION = YES;
				CLANG_WARN_INFINITE_RECURSION = YES;
				CLANG_WARN_INT_CONVERSION = YES;
				CLANG_WARN_NON_LITERAL_NULL_CONVERSION = YES;
				CLANG_WARN_OBJC_IMPLICIT_RETAIN_SELF = YES;
				CLANG_WARN_OBJC_LITERAL_CONVERSION = YES;
				CLANG_WARN_OBJC_ROOT_CLASS = YES_ERROR;
				CLANG_WARN_RANGE_LOOP_ANALYSIS = YES;
				CLANG_WARN_STRICT_PROTOTYPES = YES;
				CLANG_WARN_SUSPICIOUS_MOVE = YES;
				CLANG_WARN_UNGUARDED_AVAILABILITY = YES_AGGRESSIVE;
				CLANG_WARN_UNREACHABLE_CODE = YES;
				CLANG_WARN__DUPLICATE_METHOD_MATCH = YES;
				CODE_SIGN_IDENTITY = "iPhone Developer";
				COPY_PHASE_STRIP = NO;
				DEBUG_INFORMATION_FORMAT = dwarf;
				ENABLE_STRICT_OBJC_MSGSEND = YES;
				ENABLE_TESTABILITY = YES;
				GCC_C_LANGUAGE_STANDARD = gnu11;
				GCC_DYNAMIC_NO_PIC = NO;
				GCC_NO_COMMON_BLOCKS = YES;
				GCC_OPTIMIZATION_LEVEL = 0;
				GCC_PREPROCESSOR_DEFINITIONS = (
					"DEBUG=1",
					"$(inherited)",
				);
				GCC_WARN_64_TO_32_BIT_CONVERSION = YES;
				GCC_WARN_ABOUT_RETURN_TYPE = YES_ERROR;
				GCC_WARN_UNDECLARED_SELECTOR = YES;
				GCC_WARN_UNINITIALIZED_AUTOS = YES_AGGRESSIVE;
				GCC_WARN_UNUSED_FUNCTION = YES;
				GCC_WARN_UNUSED_VARIABLE = YES;
				IPHONEOS_DEPLOYMENT_TARGET = 11.3;
				MTL_ENABLE_DEBUG_INFO = YES;
				ONLY_ACTIVE_ARCH = YES;
				SDKROOT = iphoneos;
				SWIFT_ACTIVE_COMPILATION_CONDITIONS = DEBUG;
				SWIFT_OPTIMIZATION_LEVEL = "-Onone";
			};
			name = Debug;
		};
		792CE9CD2083338A00F5BAA3 /* Release */ = {
			isa = XCBuildConfiguration;
			buildSettings = {
				ALWAYS_SEARCH_USER_PATHS = NO;
				CLANG_ANALYZER_NONNULL = YES;
				CLANG_ANALYZER_NUMBER_OBJECT_CONVERSION = YES_AGGRESSIVE;
				CLANG_CXX_LANGUAGE_STANDARD = "gnu++14";
				CLANG_CXX_LIBRARY = "libc++";
				CLANG_ENABLE_MODULES = YES;
				CLANG_ENABLE_OBJC_ARC = YES;
				CLANG_ENABLE_OBJC_WEAK = YES;
				CLANG_WARN_BLOCK_CAPTURE_AUTORELEASING = YES;
				CLANG_WARN_BOOL_CONVERSION = YES;
				CLANG_WARN_COMMA = YES;
				CLANG_WARN_CONSTANT_CONVERSION = YES;
				CLANG_WARN_DEPRECATED_OBJC_IMPLEMENTATIONS = YES;
				CLANG_WARN_DIRECT_OBJC_ISA_USAGE = YES_ERROR;
				CLANG_WARN_DOCUMENTATION_COMMENTS = YES;
				CLANG_WARN_EMPTY_BODY = YES;
				CLANG_WARN_ENUM_CONVERSION = YES;
				CLANG_WARN_INFINITE_RECURSION = YES;
				CLANG_WARN_INT_CONVERSION = YES;
				CLANG_WARN_NON_LITERAL_NULL_CONVERSION = YES;
				CLANG_WARN_OBJC_IMPLICIT_RETAIN_SELF = YES;
				CLANG_WARN_OBJC_LITERAL_CONVERSION = YES;
				CLANG_WARN_OBJC_ROOT_CLASS = YES_ERROR;
				CLANG_WARN_RANGE_LOOP_ANALYSIS = YES;
				CLANG_WARN_STRICT_PROTOTYPES = YES;
				CLANG_WARN_SUSPICIOUS_MOVE = YES;
				CLANG_WARN_UNGUARDED_AVAILABILITY = YES_AGGRESSIVE;
				CLANG_WARN_UNREACHABLE_CODE = YES;
				CLANG_WARN__DUPLICATE_METHOD_MATCH = YES;
				CODE_SIGN_IDENTITY = "iPhone Developer";
				COPY_PHASE_STRIP = NO;
				DEBUG_INFORMATION_FORMAT = "dwarf-with-dsym";
				ENABLE_NS_ASSERTIONS = NO;
				ENABLE_STRICT_OBJC_MSGSEND = YES;
				GCC_C_LANGUAGE_STANDARD = gnu11;
				GCC_NO_COMMON_BLOCKS = YES;
				GCC_WARN_64_TO_32_BIT_CONVERSION = YES;
				GCC_WARN_ABOUT_RETURN_TYPE = YES_ERROR;
				GCC_WARN_UNDECLARED_SELECTOR = YES;
				GCC_WARN_UNINITIALIZED_AUTOS = YES_AGGRESSIVE;
				GCC_WARN_UNUSED_FUNCTION = YES;
				GCC_WARN_UNUSED_VARIABLE = YES;
				IPHONEOS_DEPLOYMENT_TARGET = 11.3;
				MTL_ENABLE_DEBUG_INFO = NO;
				SDKROOT = iphoneos;
				SWIFT_COMPILATION_MODE = wholemodule;
				SWIFT_OPTIMIZATION_LEVEL = "-O";
				VALIDATE_PRODUCT = YES;
			};
			name = Release;
		};
		792CE9CF2083338A00F5BAA3 /* Debug */ = {
			isa = XCBuildConfiguration;
			buildSettings = {
				ASSETCATALOG_COMPILER_APPICON_NAME = AppIcon;
				CODE_SIGN_STYLE = Automatic;
				DEVELOPMENT_TEAM = A3J3S3699E;
				INFOPLIST_FILE = SimpleTaskManager/Info.plist;
				LD_RUNPATH_SEARCH_PATHS = (
					"$(inherited)",
					"@executable_path/Frameworks",
				);
				PRODUCT_BUNDLE_IDENTIFIER = com.tapkain.SimpleTaskManager;
				PRODUCT_NAME = "$(TARGET_NAME)";
				SWIFT_VERSION = 4.0;
				TARGETED_DEVICE_FAMILY = "1,2";
			};
			name = Debug;
		};
		792CE9D02083338A00F5BAA3 /* Release */ = {
			isa = XCBuildConfiguration;
			buildSettings = {
				ASSETCATALOG_COMPILER_APPICON_NAME = AppIcon;
				CODE_SIGN_STYLE = Automatic;
				DEVELOPMENT_TEAM = A3J3S3699E;
				INFOPLIST_FILE = SimpleTaskManager/Info.plist;
				LD_RUNPATH_SEARCH_PATHS = (
					"$(inherited)",
					"@executable_path/Frameworks",
				);
				PRODUCT_BUNDLE_IDENTIFIER = com.tapkain.SimpleTaskManager;
				PRODUCT_NAME = "$(TARGET_NAME)";
				SWIFT_VERSION = 4.0;
				TARGETED_DEVICE_FAMILY = "1,2";
			};
			name = Release;
		};
/* End XCBuildConfiguration section */

/* Begin XCConfigurationList section */
		792CE9B42083338700F5BAA3 /* Build configuration list for PBXProject "SimpleTaskManager" */ = {
			isa = XCConfigurationList;
			buildConfigurations = (
				792CE9CC2083338A00F5BAA3 /* Debug */,
				792CE9CD2083338A00F5BAA3 /* Release */,
			);
			defaultConfigurationIsVisible = 0;
			defaultConfigurationName = Release;
		};
		792CE9CE2083338A00F5BAA3 /* Build configuration list for PBXNativeTarget "SimpleTaskManager" */ = {
			isa = XCConfigurationList;
			buildConfigurations = (
				792CE9CF2083338A00F5BAA3 /* Debug */,
				792CE9D02083338A00F5BAA3 /* Release */,
			);
			defaultConfigurationIsVisible = 0;
			defaultConfigurationName = Release;
		};
/* End XCConfigurationList section */

/* Begin XCVersionGroup section */
		79BDFFF92083A7C80002B212 /* SimpleTaskManager.xcdatamodeld */ = {
			isa = XCVersionGroup;
			children = (
				79BDFFFA2083A7C80002B212 /* SimpleTaskManager.xcdatamodel */,
			);
			currentVersion = 79BDFFFA2083A7C80002B212 /* SimpleTaskManager.xcdatamodel */;
			path = SimpleTaskManager.xcdatamodeld;
			sourceTree = "<group>";
			versionGroupType = wrapper.xcdatamodel;
		};
/* End XCVersionGroup section */
	};
	rootObject = 792CE9B12083338700F5BAA3 /* Project object */;
}
